<?xml version="1.0" encoding="utf-8"?>
<Project ToolsVersion="4.0" xmlns="http://schemas.microsoft.com/developer/msbuild/2003">
  <ItemGroup>
    <Filter Include="资源文件">
      <UniqueIdentifier>{67DA6AB6-F800-4c08-8B7A-83BB121AAD01}</UniqueIdentifier>
      <Extensions>rc;ico;cur;bmp;dlg;rc2;rct;bin;rgs;gif;jpg;jpeg;jpe;resx;tiff;tif;png;wav;mfcribbon-ms</Extensions>
    </Filter>
    <Filter Include="Process">
      <UniqueIdentifier>{fbf1b28b-1c92-43cc-b0b7-abef55e78440}</UniqueIdentifier>
    </Filter>
    <Filter Include="Misc">
      <UniqueIdentifier>{c2ab707b-e996-429b-986b-2b04f9ce692b}</UniqueIdentifier>
    </Filter>
    <Filter Include="Subsystem">
      <UniqueIdentifier>{71435fd9-a491-47b4-9a65-b0da0a36db30}</UniqueIdentifier>
    </Filter>
    <Filter Include="Include">
      <UniqueIdentifier>{5aa89233-c68b-4ab5-b3d2-5d13d926b502}</UniqueIdentifier>
    </Filter>
    <Filter Include="GameCheat">
      <UniqueIdentifier>{a3843430-01f2-4727-a5df-8f21695a3b60}</UniqueIdentifier>
    </Filter>
    <Filter Include="GameCheat\GameStruct">
      <UniqueIdentifier>{8ceb716a-89a4-472f-a08f-4e3c6599cbb8}</UniqueIdentifier>
    </Filter>
  </ItemGroup>
  <ItemGroup>
    <ClInclude Include="stdafx.h">
      <Filter>Misc</Filter>
    </ClInclude>
    <ClInclude Include="targetver.h">
      <Filter>Misc</Filter>
    </ClInclude>
    <ClInclude Include="Winheaders.h">
      <Filter>Misc</Filter>
    </ClInclude>
    <ClInclude Include="Macro.h">
      <Filter>Subsystem</Filter>
    </ClInclude>
    <ClInclude Include="NativeEnums.h">
      <Filter>Subsystem</Filter>
    </ClInclude>
    <ClInclude Include="NativeSubsystem.h">
      <Filter>Subsystem</Filter>
    </ClInclude>
    <ClInclude Include="Wow64Subsystem.h">
      <Filter>Subsystem</Filter>
    </ClInclude>
    <ClInclude Include="DynImport.h">
      <Filter>Include</Filter>
    </ClInclude>
    <ClInclude Include="Utils.h">
      <Filter>Include</Filter>
    </ClInclude>
    <ClInclude Include="FunctionTypes.h">
      <Filter>Include</Filter>
    </ClInclude>
    <ClInclude Include="Process.h">
      <Filter>Process</Filter>
    </ClInclude>
    <ClInclude Include="ProcessCore.h">
      <Filter>Process</Filter>
    </ClInclude>
    <ClInclude Include="ProcessMemory.h">
      <Filter>Process</Filter>
    </ClInclude>
    <ClInclude Include="ProcessModules.h">
      <Filter>Process</Filter>
    </ClInclude>
    <ClInclude Include="CallResult.h">
      <Filter>Process</Filter>
    </ClInclude>
    <ClInclude Include="x86Subsystem.h">
      <Filter>Process</Filter>
    </ClInclude>
    <ClInclude Include="NativeStructures.h">
      <Filter>Include</Filter>
    </ClInclude>
    <ClInclude Include="Win7Specific.h">
      <Filter>Include</Filter>
    </ClInclude>
    <ClInclude Include="Win8Specific.h">
      <Filter>Include</Filter>
    </ClInclude>
    <ClInclude Include="WinXPSpecific.h">
      <Filter>Include</Filter>
    </ClInclude>
    <ClInclude Include="Types.h">
      <Filter>Include</Filter>
    </ClInclude>
    <ClInclude Include="Offsets.h">
      <Filter>GameCheat</Filter>
    </ClInclude>
    <ClInclude Include="PUBG_Engine_classes.h">
      <Filter>GameCheat\GameStruct</Filter>
    </ClInclude>
    <ClInclude Include="GameManager.h">
      <Filter>GameCheat</Filter>
    </ClInclude>
    <ClInclude Include="PUBG_Engine_structs.h">
      <Filter>GameCheat\GameStruct</Filter>
    </ClInclude>
    <ClInclude Include="PUBG_Basic.h">
      <Filter>GameCheat\GameStruct</Filter>
    </ClInclude>
  </ItemGroup>
  <ItemGroup>
    <ClCompile Include="NativeSubsystem.cpp">
      <Filter>Subsystem</Filter>
    </ClCompile>
    <ClCompile Include="Wow64Subsystem.cpp">
      <Filter>Subsystem</Filter>
    </ClCompile>
    <ClCompile Include="Utils.cpp">
      <Filter>Include</Filter>
    </ClCompile>
    <ClCompile Include="Process.cpp">
      <Filter>Process</Filter>
    </ClCompile>
    <ClCompile Include="ProcessCore.cpp">
      <Filter>Process</Filter>
    </ClCompile>
    <ClCompile Include="ProcessMemory.cpp">
      <Filter>Process</Filter>
    </ClCompile>
    <ClCompile Include="ProcessModules.cpp">
      <Filter>Process</Filter>
    </ClCompile>
    <ClCompile Include="PubgMem.cpp" />
    <ClCompile Include="x86Subsystem.cpp">
      <Filter>Process</Filter>
    </ClCompile>
    <ClCompile Include="Offsets.cpp">
      <Filter>GameCheat</Filter>
    </ClCompile>
    <ClCompile Include="GameManager.cpp">
      <Filter>GameCheat</Filter>
    </ClCompile>
    <ClCompile Include="math.h">
      <Filter>Misc</Filter>
    </ClCompile>
  </ItemGroup>
</Project>